
Microsoft Visual Studio Solution File, Format Version 12.00
# Visual Studio Version 16
VisualStudioVersion = 16.0.31025.194
MinimumVisualStudioVersion = 10.0.40219.1
Project("{8BC9CEB8-8B4A-11D0-8D11-00A0C91BC942}") = "C猜数游戏", "C猜数游戏.vcxproj", "{A567BB49-CEDA-4FC1-8334-55804B68DF72}"
EndProject
Global
	GlobalSection(SolutionConfigurationPlatforms) = preSolution
		Debug|x64 = Debug|x64
		Debug|x86 = Debug|x86
		Release|x64 = Release|x64
		Release|x86 = Release|x86
	EndGlobalSection
	GlobalSection(ProjectConfigurationPlatforms) = postSolution
		{A567BB49-CEDA-4FC1-8334-55804B68DF72}.Debug|x64.ActiveCfg = Debug|x64
		{A567BB49-CEDA-4FC1-8334-55804B68DF72}.Debug|x64.Build.0 = Debug|x64
		{A567BB49-CEDA-4FC1-8334-55804B68DF72}.Debug|x86.ActiveCfg = Debug|Win32
		{A567BB49-CEDA-4FC1-8334-55804B68DF72}.Debug|x86.Build.0 = Debug|Win32
		{A567BB49-CEDA-4FC1-8334-55804B68DF72}.Release|x64.ActiveCfg = Release|x64
		{A567BB49-CEDA-4FC1-8334-55804B68DF72}.Release|x64.Build.0 = Release|x64
		{A567BB49-CEDA-4FC1-8334-55804B68DF72}.Release|x86.ActiveCfg = Release|Win32
		{A567BB49-CEDA-4FC1-8334-55804B68DF72}.Release|x86.Build.0 = Release|Win32
	EndGlobalSection
	GlobalSection(SolutionProperties) = preSolution
		HideSolutionNode = FALSE
	EndGlobalSection
	GlobalSection(ExtensibilityGlobals) = postSolution
		SolutionGuid = {6A4E2F13-C723-46B0-A1E2-0FE397C95909}
	EndGlobalSection
EndGlobal
